
Microsoft Visual Studio Solution File, Format Version 12.00
# Visual Studio Version 16
VisualStudioVersion = 16.0.37507.1
MinimumVisualStudioVersion = 10.0.40219.1
Project("{2150E333-8FDC-42A3-9474-1A3956D46DE8}") = "src", "src", "{A50420F0-7008-4D6E-AC14-818CF0A71137}"
EndProject
Project("{2150E333-8FDC-42A3-9474-1A3956D46DE8}") = "building blocks", "building blocks", "{7458A6F2-CD47-42AC-9D30-8726B16EA292}"
EndProject
Project("{2150E333-8FDC-42A3-9474-1A3956D46DE8}") = "services", "services", "{85FF4759-E663-40D3-B730-EBC45947D854}"
EndProject
Project("{2150E333-8FDC-42A3-9474-1A3956D46DE8}") = "web", "web", "{46E5B92A-778F-4606-BB8D-E394AD1177B4}"
EndProject
Project("{2150E333-8FDC-42A3-9474-1A3956D46DE8}") = "identidade", "identidade", "{6065C86E-F87D-4DE6-BA28-6991609AE15F}"
EndProject
Project("{9A19103F-16F7-4668-BE54-9A1E7A4F7556}") = "NSE.Identidade.API", "src\services\NSE.Identitdade.API\NSE.Identidade.API.csproj", "{A853E534-2BD3-4EE5-8F46-435E1D68EC84}"
EndProject
Project("{2150E333-8FDC-42A3-9474-1A3956D46DE8}") = "mvc", "mvc", "{AD6F8460-D41E-4906-A5DE-A154A475E28B}"
EndProject
Project("{9A19103F-16F7-4668-BE54-9A1E7A4F7556}") = "NSE.WebApp.MVC", "src\web\NSE.WebApp.MVC\NSE.WebApp.MVC.csproj", "{14029661-8D14-47C4-8EC1-3AE139BDDD84}"
EndProject
Project("{2150E333-8FDC-42A3-9474-1A3956D46DE8}") = "core", "core", "{37FC4179-12D2-4C49-B935-C417F87EADA3}"
EndProject
Project("{9A19103F-16F7-4668-BE54-9A1E7A4F7556}") = "NSE.Core", "src\building blocks\NSE.Core\NSE.Core.csproj", "{F8B4BEC9-ED6D-4CE3-A035-7BA7559B20E9}"
EndProject
Project("{2150E333-8FDC-42A3-9474-1A3956D46DE8}") = "carrinho", "carrinho", "{A5C0C94C-7A2F-412D-B24A-CEFDCF85DAAE}"
EndProject
Project("{9A19103F-16F7-4668-BE54-9A1E7A4F7556}") = "NSE.Carrinho.API", "src\services\NSE.Carrinho.API\NSE.Carrinho.API.csproj", "{989D1260-889B-49E4-A988-48A1796E2FBC}"
EndProject
Project("{2150E333-8FDC-42A3-9474-1A3956D46DE8}") = "catalogo", "catalogo", "{DEB82A42-6294-4CBB-A8DC-7E89AD1200C3}"
EndProject
Project("{9A19103F-16F7-4668-BE54-9A1E7A4F7556}") = "NSE.Catalogo.API", "src\services\NSE.Catalogo.API\NSE.Catalogo.API.csproj", "{13804491-8602-466F-A11C-4CE67FFC626E}"
EndProject
Project("{2150E333-8FDC-42A3-9474-1A3956D46DE8}") = "clientes", "clientes", "{DB34309A-DF5B-4830-8B37-726F365309A4}"
EndProject
Project("{9A19103F-16F7-4668-BE54-9A1E7A4F7556}") = "NSE.Clientes.API", "src\services\NSE.Cliente.API\NSE.Clientes.API.csproj", "{2A69D198-EC22-401B-8602-852D7916F9D4}"
EndProject
Project("{2150E333-8FDC-42A3-9474-1A3956D46DE8}") = "pagamento", "pagamento", "{05BC3939-B5FE-48E7-BD9F-3BC7DAF35BF6}"
EndProject
Project("{9A19103F-16F7-4668-BE54-9A1E7A4F7556}") = "NSE.Pagamento.API", "src\services\NSE.Pagamento.API\NSE.Pagamento.API.csproj", "{BF6F04C0-347E-431A-8E0E-29A309EC49DE}"
EndProject
Project("{2150E333-8FDC-42A3-9474-1A3956D46DE8}") = "pedido", "pedido", "{E13B0A89-A0EF-4B84-88FF-7C6C92D6E097}"
EndProject
Project("{9A19103F-16F7-4668-BE54-9A1E7A4F7556}") = "NSE.Pedido.API", "src\services\NSE.Pedido.API\NSE.Pedido.API.csproj", "{334F2059-106D-4CF1-BFA7-8BC8CBDBD205}"
EndProject
Project("{2150E333-8FDC-42A3-9474-1A3956D46DE8}") = "services", "services", "{00284255-0409-4B61-9B62-9493D63174A1}"
EndProject
Project("{9A19103F-16F7-4668-BE54-9A1E7A4F7556}") = "NSE.WebAPI.Core", "src\building blocks\NSE.WebAPI.Core\NSE.WebAPI.Core.csproj", "{A86D5D8E-FA75-4D91-A346-DBD4D0138721}"
EndProject
Global
	GlobalSection(SolutionConfigurationPlatforms) = preSolution
		Debug|Any CPU = Debug|Any CPU
		Release|Any CPU = Release|Any CPU
	EndGlobalSection
	GlobalSection(ProjectConfigurationPlatforms) = postSolution
		{A853E534-2BD3-4EE5-8F46-435E1D68EC84}.Debug|Any CPU.ActiveCfg = Debug|Any CPU
		{A853E534-2BD3-4EE5-8F46-435E1D68EC84}.Debug|Any CPU.Build.0 = Debug|Any CPU
		{A853E534-2BD3-4EE5-8F46-435E1D68EC84}.Release|Any CPU.ActiveCfg = Release|Any CPU
		{A853E534-2BD3-4EE5-8F46-435E1D68EC84}.Release|Any CPU.Build.0 = Release|Any CPU
		{14029661-8D14-47C4-8EC1-3AE139BDDD84}.Debug|Any CPU.ActiveCfg = Debug|Any CPU
		{14029661-8D14-47C4-8EC1-3AE139BDDD84}.Debug|Any CPU.Build.0 = Debug|Any CPU
		{14029661-8D14-47C4-8EC1-3AE139BDDD84}.Release|Any CPU.ActiveCfg = Release|Any CPU
		{14029661-8D14-47C4-8EC1-3AE139BDDD84}.Release|Any CPU.Build.0 = Release|Any CPU
		{F8B4BEC9-ED6D-4CE3-A035-7BA7559B20E9}.Debug|Any CPU.ActiveCfg = Debug|Any CPU
		{F8B4BEC9-ED6D-4CE3-A035-7BA7559B20E9}.Debug|Any CPU.Build.0 = Debug|Any CPU
		{F8B4BEC9-ED6D-4CE3-A035-7BA7559B20E9}.Release|Any CPU.ActiveCfg = Release|Any CPU
		{F8B4BEC9-ED6D-4CE3-A035-7BA7559B20E9}.Release|Any CPU.Build.0 = Release|Any CPU
		{989D1260-889B-49E4-A988-48A1796E2FBC}.Debug|Any CPU.ActiveCfg = Debug|Any CPU
		{989D1260-889B-49E4-A988-48A1796E2FBC}.Debug|Any CPU.Build.0 = Debug|Any CPU
		{989D1260-889B-49E4-A988-48A1796E2FBC}.Release|Any CPU.ActiveCfg = Release|Any CPU
		{989D1260-889B-49E4-A988-48A1796E2FBC}.Release|Any CPU.Build.0 = Release|Any CPU
		{13804491-8602-466F-A11C-4CE67FFC626E}.Debug|Any CPU.ActiveCfg = Debug|Any CPU
		{13804491-8602-466F-A11C-4CE67FFC626E}.Debug|Any CPU.Build.0 = Debug|Any CPU
		{13804491-8602-466F-A11C-4CE67FFC626E}.Release|Any CPU.ActiveCfg = Release|Any CPU
		{13804491-8602-466F-A11C-4CE67FFC626E}.Release|Any CPU.Build.0 = Release|Any CPU
		{2A69D198-EC22-401B-8602-852D7916F9D4}.Debug|Any CPU.ActiveCfg = Debug|Any CPU
		{2A69D198-EC22-401B-8602-852D7916F9D4}.Debug|Any CPU.Build.0 = Debug|Any CPU
		{2A69D198-EC22-401B-8602-852D7916F9D4}.Release|Any CPU.ActiveCfg = Release|Any CPU
		{2A69D198-EC22-401B-8602-852D7916F9D4}.Release|Any CPU.Build.0 = Release|Any CPU
		{BF6F04C0-347E-431A-8E0E-29A309EC49DE}.Debug|Any CPU.ActiveCfg = Debug|Any CPU
		{BF6F04C0-347E-431A-8E0E-29A309EC49DE}.Debug|Any CPU.Build.0 = Debug|Any CPU
		{BF6F04C0-347E-431A-8E0E-29A309EC49DE}.Release|Any CPU.ActiveCfg = Release|Any CPU
		{BF6F04C0-347E-431A-8E0E-29A309EC49DE}.Release|Any CPU.Build.0 = Release|Any CPU
		{334F2059-106D-4CF1-BFA7-8BC8CBDBD205}.Debug|Any CPU.ActiveCfg = Debug|Any CPU
		{334F2059-106D-4CF1-BFA7-8BC8CBDBD205}.Debug|Any CPU.Build.0 = Debug|Any CPU
		{334F2059-106D-4CF1-BFA7-8BC8CBDBD205}.Release|Any CPU.ActiveCfg = Release|Any CPU
		{334F2059-106D-4CF1-BFA7-8BC8CBDBD205}.Release|Any CPU.Build.0 = Release|Any CPU
		{A86D5D8E-FA75-4D91-A346-DBD4D0138721}.Debug|Any CPU.ActiveCfg = Debug|Any CPU
		{A86D5D8E-FA75-4D91-A346-DBD4D0138721}.Debug|Any CPU.Build.0 = Debug|Any CPU
		{A86D5D8E-FA75-4D91-A346-DBD4D0138721}.Release|Any CPU.ActiveCfg = Release|Any CPU
		{A86D5D8E-FA75-4D91-A346-DBD4D0138721}.Release|Any CPU.Build.0 = Release|Any CPU
	EndGlobalSection
	GlobalSection(SolutionProperties) = preSolution
		HideSolutionNode = FALSE
	EndGlobalSection
	GlobalSection(NestedProjects) = preSolution
		{7458A6F2-CD47-42AC-9D30-8726B16EA292} = {A50420F0-7008-4D6E-AC14-818CF0A71137}
		{85FF4759-E663-40D3-B730-EBC45947D854} = {A50420F0-7008-4D6E-AC14-818CF0A71137}
		{46E5B92A-778F-4606-BB8D-E394AD1177B4} = {A50420F0-7008-4D6E-AC14-818CF0A71137}
		{6065C86E-F87D-4DE6-BA28-6991609AE15F} = {85FF4759-E663-40D3-B730-EBC45947D854}
		{A853E534-2BD3-4EE5-8F46-435E1D68EC84} = {6065C86E-F87D-4DE6-BA28-6991609AE15F}
		{AD6F8460-D41E-4906-A5DE-A154A475E28B} = {46E5B92A-778F-4606-BB8D-E394AD1177B4}
		{14029661-8D14-47C4-8EC1-3AE139BDDD84} = {AD6F8460-D41E-4906-A5DE-A154A475E28B}
		{37FC4179-12D2-4C49-B935-C417F87EADA3} = {7458A6F2-CD47-42AC-9D30-8726B16EA292}
		{F8B4BEC9-ED6D-4CE3-A035-7BA7559B20E9} = {37FC4179-12D2-4C49-B935-C417F87EADA3}
		{A5C0C94C-7A2F-412D-B24A-CEFDCF85DAAE} = {85FF4759-E663-40D3-B730-EBC45947D854}
		{989D1260-889B-49E4-A988-48A1796E2FBC} = {A5C0C94C-7A2F-412D-B24A-CEFDCF85DAAE}
		{DEB82A42-6294-4CBB-A8DC-7E89AD1200C3} = {85FF4759-E663-40D3-B730-EBC45947D854}
		{13804491-8602-466F-A11C-4CE67FFC626E} = {DEB82A42-6294-4CBB-A8DC-7E89AD1200C3}
		{DB34309A-DF5B-4830-8B37-726F365309A4} = {85FF4759-E663-40D3-B730-EBC45947D854}
		{2A69D198-EC22-401B-8602-852D7916F9D4} = {DB34309A-DF5B-4830-8B37-726F365309A4}
		{05BC3939-B5FE-48E7-BD9F-3BC7DAF35BF6} = {85FF4759-E663-40D3-B730-EBC45947D854}
		{BF6F04C0-347E-431A-8E0E-29A309EC49DE} = {05BC3939-B5FE-48E7-BD9F-3BC7DAF35BF6}
		{E13B0A89-A0EF-4B84-88FF-7C6C92D6E097} = {85FF4759-E663-40D3-B730-EBC45947D854}
		{334F2059-106D-4CF1-BFA7-8BC8CBDBD205} = {E13B0A89-A0EF-4B84-88FF-7C6C92D6E097}
		{00284255-0409-4B61-9B62-9493D63174A1} = {7458A6F2-CD47-42AC-9D30-8726B16EA292}
		{A86D5D8E-FA75-4D91-A346-DBD4D0138721} = {00284255-0409-4B61-9B62-9493D63174A1}
	EndGlobalSection
	GlobalSection(ExtensibilityGlobals) = postSolution
		SolutionGuid = {5CB6C374-6D97-4A1F-A7CD-EA902FDD72DF}
	EndGlobalSection
EndGlobal
